
Microsoft Visual Studio Solution File, Format Version 12.00
# Visual Studio Version 16
VisualStudioVersion = 16.0.30413.136
MinimumVisualStudioVersion = 10.0.40219.1
Project("{FAE04EC0-301F-11D3-BF4B-00C04F79EFBC}") = "C1_ WriteLine", "C1_ WriteLine\C1_ WriteLine.csproj", "{328E4D5D-5C0E-4E13-8144-B3B964198B95}"
EndProject
Project("{FAE04EC0-301F-11D3-BF4B-00C04F79EFBC}") = "C2_ReadLine", "C2_ReadLine\C2_ReadLine.csproj", "{137A9DB4-013D-4A76-9F18-94778857FD0D}"
EndProject
Project("{FAE04EC0-301F-11D3-BF4B-00C04F79EFBC}") = "C3_WithClass", "C3_WithClass\C3_WithClass.csproj", "{56172B0E-15EC-4912-85C6-4071E6A17C2B}"
EndProject
Project("{FAE04EC0-301F-11D3-BF4B-00C04F79EFBC}") = "C4_WithMethods", "C4_WithMethods\C4_WithMethods.csproj", "{222F7DB0-2C66-4F55-8A3B-B7241354CCF1}"
EndProject
Project("{FAE04EC0-301F-11D3-BF4B-00C04F79EFBC}") = "C5_WithAgeCalculation", "C5_WithAgeCalculation\C5_WithAgeCalculation.csproj", "{44BB0B6C-6C9B-44EB-8C2D-563973ECE3C0}"
EndProject
Global
	GlobalSection(SolutionConfigurationPlatforms) = preSolution
		Debug|Any CPU = Debug|Any CPU
		Release|Any CPU = Release|Any CPU
	EndGlobalSection
	GlobalSection(ProjectConfigurationPlatforms) = postSolution
		{328E4D5D-5C0E-4E13-8144-B3B964198B95}.Debug|Any CPU.ActiveCfg = Debug|Any CPU
		{328E4D5D-5C0E-4E13-8144-B3B964198B95}.Debug|Any CPU.Build.0 = Debug|Any CPU
		{328E4D5D-5C0E-4E13-8144-B3B964198B95}.Release|Any CPU.ActiveCfg = Release|Any CPU
		{328E4D5D-5C0E-4E13-8144-B3B964198B95}.Release|Any CPU.Build.0 = Release|Any CPU
		{137A9DB4-013D-4A76-9F18-94778857FD0D}.Debug|Any CPU.ActiveCfg = Debug|Any CPU
		{137A9DB4-013D-4A76-9F18-94778857FD0D}.Debug|Any CPU.Build.0 = Debug|Any CPU
		{137A9DB4-013D-4A76-9F18-94778857FD0D}.Release|Any CPU.ActiveCfg = Release|Any CPU
		{137A9DB4-013D-4A76-9F18-94778857FD0D}.Release|Any CPU.Build.0 = Release|Any CPU
		{56172B0E-15EC-4912-85C6-4071E6A17C2B}.Debug|Any CPU.ActiveCfg = Debug|Any CPU
		{56172B0E-15EC-4912-85C6-4071E6A17C2B}.Debug|Any CPU.Build.0 = Debug|Any CPU
		{56172B0E-15EC-4912-85C6-4071E6A17C2B}.Release|Any CPU.ActiveCfg = Release|Any CPU
		{56172B0E-15EC-4912-85C6-4071E6A17C2B}.Release|Any CPU.Build.0 = Release|Any CPU
		{222F7DB0-2C66-4F55-8A3B-B7241354CCF1}.Debug|Any CPU.ActiveCfg = Debug|Any CPU
		{222F7DB0-2C66-4F55-8A3B-B7241354CCF1}.Debug|Any CPU.Build.0 = Debug|Any CPU
		{222F7DB0-2C66-4F55-8A3B-B7241354CCF1}.Release|Any CPU.ActiveCfg = Release|Any CPU
		{222F7DB0-2C66-4F55-8A3B-B7241354CCF1}.Release|Any CPU.Build.0 = Release|Any CPU
		{44BB0B6C-6C9B-44EB-8C2D-563973ECE3C0}.Debug|Any CPU.ActiveCfg = Debug|Any CPU
		{44BB0B6C-6C9B-44EB-8C2D-563973ECE3C0}.Debug|Any CPU.Build.0 = Debug|Any CPU
		{44BB0B6C-6C9B-44EB-8C2D-563973ECE3C0}.Release|Any CPU.ActiveCfg = Release|Any CPU
		{44BB0B6C-6C9B-44EB-8C2D-563973ECE3C0}.Release|Any CPU.Build.0 = Release|Any CPU
	EndGlobalSection
	GlobalSection(SolutionProperties) = preSolution
		HideSolutionNode = FALSE
	EndGlobalSection
	GlobalSection(ExtensibilityGlobals) = postSolution
		SolutionGuid = {9D591653-A2A2-4BC1-A0FA-429915D72D3D}
	EndGlobalSection
EndGlobal
