
Microsoft Visual Studio Solution File, Format Version 12.00
# Visual Studio Version 16
VisualStudioVersion = 16.0.30413.136
MinimumVisualStudioVersion = 10.0.40219.1
Project("{9A19103F-16F7-4668-BE54-9A1E7A4F7556}") = "C1_ WriteLine", "C1_ WriteLine\C1_ WriteLine.csproj", "{328E4D5D-5C0E-4E13-8144-B3B964198B95}"
EndProject
Project("{9A19103F-16F7-4668-BE54-9A1E7A4F7556}") = "C2_ReadLine", "C2_ReadLine\C2_ReadLine.csproj", "{137A9DB4-013D-4A76-9F18-94778857FD0D}"
EndProject
Project("{9A19103F-16F7-4668-BE54-9A1E7A4F7556}") = "C3_WithClass", "C3_WithClass\C3_WithClass.csproj", "{56172B0E-15EC-4912-85C6-4071E6A17C2B}"
EndProject
Project("{9A19103F-16F7-4668-BE54-9A1E7A4F7556}") = "C4_WithMethods", "C4_WithMethods\C4_WithMethods.csproj", "{222F7DB0-2C66-4F55-8A3B-B7241354CCF1}"
EndProject
Project("{9A19103F-16F7-4668-BE54-9A1E7A4F7556}") = "C5_WithAgeCalculation", "C5_WithAgeCalculation\C5_WithAgeCalculation.csproj", "{44BB0B6C-6C9B-44EB-8C2D-563973ECE3C0}"
EndProject
Project("{9A19103F-16F7-4668-BE54-9A1E7A4F7556}") = "C6_GettersAndSetters", "C6_GettersAndSetters\C6_GettersAndSetters.csproj", "{A2DC195F-299C-47D0-90A6-B4C29D07AE45}"
EndProject
Project("{9A19103F-16F7-4668-BE54-9A1E7A4F7556}") = "C7_GettersAndSettersV2", "C7_GettersAndSettersV2\C7_GettersAndSettersV2.csproj", "{0B1D840B-1A22-4A12-AD60-3C9561979BA2}"
EndProject
Project("{9A19103F-16F7-4668-BE54-9A1E7A4F7556}") = "C8_Arrays", "C8_Arrays\C8_Arrays.csproj", "{D7FFAF69-623C-4368-BBAC-278F366AB89C}"
EndProject
Project("{9A19103F-16F7-4668-BE54-9A1E7A4F7556}") = "C9_Lists", "C9_Lists\C9_Lists.csproj", "{3CDF6B14-5599-4E14-AF28-2B9CFE00620E}"
EndProject
Project("{9A19103F-16F7-4668-BE54-9A1E7A4F7556}") = "C10_Struct", "C10_Struct\C10_Struct.csproj", "{B4440EC8-8D65-40F9-87B6-A97657187A1C}"
EndProject
Project("{9A19103F-16F7-4668-BE54-9A1E7A4F7556}") = "C11_Enum", "C11_Enum\C11_Enum.csproj", "{D34E20EF-D8D9-42B4-9749-95C794FB83AD}"
EndProject
Project("{9A19103F-16F7-4668-BE54-9A1E7A4F7556}") = "C12_Interfaces_1", "C12_Interfaces_1\C12_Interfaces_1.csproj", "{CB95527D-5D1B-4A43-9A7E-6B56685271F1}"
EndProject
Project("{9A19103F-16F7-4668-BE54-9A1E7A4F7556}") = "C13_Interfaces_2", "C13_Interfaces_2\C13_Interfaces_2.csproj", "{186778C4-75D8-4288-BBD0-97351B75B3C0}"
EndProject
Project("{9A19103F-16F7-4668-BE54-9A1E7A4F7556}") = "C14_Abstract_1", "C14_Abstract_1\C14_Abstract_1.csproj", "{DE5F2756-0C6E-4961-88C3-26A766F6A7DB}"
EndProject
Project("{9A19103F-16F7-4668-BE54-9A1E7A4F7556}") = "C15_Abstract_2", "C15_Abstract_2\C15_Abstract_2.csproj", "{84D67E8E-862D-4ED4-8FB4-EE1E884F298C}"
EndProject
Project("{FAE04EC0-301F-11D3-BF4B-00C04F79EFBC}") = "UWP1_AsyncAwait", "UWP1_AsyncAwait\UWP1_AsyncAwait.csproj", "{3C0080F9-4C92-4BDE-9464-204331127393}"
EndProject
Project("{9A19103F-16F7-4668-BE54-9A1E7A4F7556}") = "C16_WorkerService", "C16_WorkerService\C16_WorkerService.csproj", "{49A3DA00-F514-482F-A601-731BD238EC5A}"
EndProject
Project("{9A19103F-16F7-4668-BE54-9A1E7A4F7556}") = "WPF1_ContactList", "WPF1_ContactList\WPF1_ContactList.csproj", "{5AA3D5D3-6C64-4459-BB7F-EF627F7580CA}"
EndProject
Project("{FAE04EC0-301F-11D3-BF4B-00C04F79EFBC}") = "WPF2_DesignView", "WPF2_DesignView\WPF2_DesignView.csproj", "{451890FF-1748-47E7-8916-4E7B7D333741}"
EndProject
Project("{FAE04EC0-301F-11D3-BF4B-00C04F79EFBC}") = "WPF3_CustomControl", "WPF3_CustomControl\WPF3_CustomControl.csproj", "{778F3729-5397-4D46-A73D-5353C2072815}"
EndProject
Global
	GlobalSection(SolutionConfigurationPlatforms) = preSolution
		Debug|Any CPU = Debug|Any CPU
		Debug|ARM = Debug|ARM
		Debug|ARM64 = Debug|ARM64
		Debug|x64 = Debug|x64
		Debug|x86 = Debug|x86
		Release|Any CPU = Release|Any CPU
		Release|ARM = Release|ARM
		Release|ARM64 = Release|ARM64
		Release|x64 = Release|x64
		Release|x86 = Release|x86
	EndGlobalSection
	GlobalSection(ProjectConfigurationPlatforms) = postSolution
		{328E4D5D-5C0E-4E13-8144-B3B964198B95}.Debug|Any CPU.ActiveCfg = Debug|Any CPU
		{328E4D5D-5C0E-4E13-8144-B3B964198B95}.Debug|Any CPU.Build.0 = Debug|Any CPU
		{328E4D5D-5C0E-4E13-8144-B3B964198B95}.Debug|ARM.ActiveCfg = Debug|Any CPU
		{328E4D5D-5C0E-4E13-8144-B3B964198B95}.Debug|ARM.Build.0 = Debug|Any CPU
		{328E4D5D-5C0E-4E13-8144-B3B964198B95}.Debug|ARM64.ActiveCfg = Debug|Any CPU
		{328E4D5D-5C0E-4E13-8144-B3B964198B95}.Debug|ARM64.Build.0 = Debug|Any CPU
		{328E4D5D-5C0E-4E13-8144-B3B964198B95}.Debug|x64.ActiveCfg = Debug|Any CPU
		{328E4D5D-5C0E-4E13-8144-B3B964198B95}.Debug|x64.Build.0 = Debug|Any CPU
		{328E4D5D-5C0E-4E13-8144-B3B964198B95}.Debug|x86.ActiveCfg = Debug|Any CPU
		{328E4D5D-5C0E-4E13-8144-B3B964198B95}.Debug|x86.Build.0 = Debug|Any CPU
		{328E4D5D-5C0E-4E13-8144-B3B964198B95}.Release|Any CPU.ActiveCfg = Release|Any CPU
		{328E4D5D-5C0E-4E13-8144-B3B964198B95}.Release|Any CPU.Build.0 = Release|Any CPU
		{328E4D5D-5C0E-4E13-8144-B3B964198B95}.Release|ARM.ActiveCfg = Release|Any CPU
		{328E4D5D-5C0E-4E13-8144-B3B964198B95}.Release|ARM.Build.0 = Release|Any CPU
		{328E4D5D-5C0E-4E13-8144-B3B964198B95}.Release|ARM64.ActiveCfg = Release|Any CPU
		{328E4D5D-5C0E-4E13-8144-B3B964198B95}.Release|ARM64.Build.0 = Release|Any CPU
		{328E4D5D-5C0E-4E13-8144-B3B964198B95}.Release|x64.ActiveCfg = Release|Any CPU
		{328E4D5D-5C0E-4E13-8144-B3B964198B95}.Release|x64.Build.0 = Release|Any CPU
		{328E4D5D-5C0E-4E13-8144-B3B964198B95}.Release|x86.ActiveCfg = Release|Any CPU
		{328E4D5D-5C0E-4E13-8144-B3B964198B95}.Release|x86.Build.0 = Release|Any CPU
		{137A9DB4-013D-4A76-9F18-94778857FD0D}.Debug|Any CPU.ActiveCfg = Debug|Any CPU
		{137A9DB4-013D-4A76-9F18-94778857FD0D}.Debug|Any CPU.Build.0 = Debug|Any CPU
		{137A9DB4-013D-4A76-9F18-94778857FD0D}.Debug|ARM.ActiveCfg = Debug|Any CPU
		{137A9DB4-013D-4A76-9F18-94778857FD0D}.Debug|ARM.Build.0 = Debug|Any CPU
		{137A9DB4-013D-4A76-9F18-94778857FD0D}.Debug|ARM64.ActiveCfg = Debug|Any CPU
		{137A9DB4-013D-4A76-9F18-94778857FD0D}.Debug|ARM64.Build.0 = Debug|Any CPU
		{137A9DB4-013D-4A76-9F18-94778857FD0D}.Debug|x64.ActiveCfg = Debug|Any CPU
		{137A9DB4-013D-4A76-9F18-94778857FD0D}.Debug|x64.Build.0 = Debug|Any CPU
		{137A9DB4-013D-4A76-9F18-94778857FD0D}.Debug|x86.ActiveCfg = Debug|Any CPU
		{137A9DB4-013D-4A76-9F18-94778857FD0D}.Debug|x86.Build.0 = Debug|Any CPU
		{137A9DB4-013D-4A76-9F18-94778857FD0D}.Release|Any CPU.ActiveCfg = Release|Any CPU
		{137A9DB4-013D-4A76-9F18-94778857FD0D}.Release|Any CPU.Build.0 = Release|Any CPU
		{137A9DB4-013D-4A76-9F18-94778857FD0D}.Release|ARM.ActiveCfg = Release|Any CPU
		{137A9DB4-013D-4A76-9F18-94778857FD0D}.Release|ARM.Build.0 = Release|Any CPU
		{137A9DB4-013D-4A76-9F18-94778857FD0D}.Release|ARM64.ActiveCfg = Release|Any CPU
		{137A9DB4-013D-4A76-9F18-94778857FD0D}.Release|ARM64.Build.0 = Release|Any CPU
		{137A9DB4-013D-4A76-9F18-94778857FD0D}.Release|x64.ActiveCfg = Release|Any CPU
		{137A9DB4-013D-4A76-9F18-94778857FD0D}.Release|x64.Build.0 = Release|Any CPU
		{137A9DB4-013D-4A76-9F18-94778857FD0D}.Release|x86.ActiveCfg = Release|Any CPU
		{137A9DB4-013D-4A76-9F18-94778857FD0D}.Release|x86.Build.0 = Release|Any CPU
		{56172B0E-15EC-4912-85C6-4071E6A17C2B}.Debug|Any CPU.ActiveCfg = Debug|Any CPU
		{56172B0E-15EC-4912-85C6-4071E6A17C2B}.Debug|Any CPU.Build.0 = Debug|Any CPU
		{56172B0E-15EC-4912-85C6-4071E6A17C2B}.Debug|ARM.ActiveCfg = Debug|Any CPU
		{56172B0E-15EC-4912-85C6-4071E6A17C2B}.Debug|ARM.Build.0 = Debug|Any CPU
		{56172B0E-15EC-4912-85C6-4071E6A17C2B}.Debug|ARM64.ActiveCfg = Debug|Any CPU
		{56172B0E-15EC-4912-85C6-4071E6A17C2B}.Debug|ARM64.Build.0 = Debug|Any CPU
		{56172B0E-15EC-4912-85C6-4071E6A17C2B}.Debug|x64.ActiveCfg = Debug|Any CPU
		{56172B0E-15EC-4912-85C6-4071E6A17C2B}.Debug|x64.Build.0 = Debug|Any CPU
		{56172B0E-15EC-4912-85C6-4071E6A17C2B}.Debug|x86.ActiveCfg = Debug|Any CPU
		{56172B0E-15EC-4912-85C6-4071E6A17C2B}.Debug|x86.Build.0 = Debug|Any CPU
		{56172B0E-15EC-4912-85C6-4071E6A17C2B}.Release|Any CPU.ActiveCfg = Release|Any CPU
		{56172B0E-15EC-4912-85C6-4071E6A17C2B}.Release|Any CPU.Build.0 = Release|Any CPU
		{56172B0E-15EC-4912-85C6-4071E6A17C2B}.Release|ARM.ActiveCfg = Release|Any CPU
		{56172B0E-15EC-4912-85C6-4071E6A17C2B}.Release|ARM.Build.0 = Release|Any CPU
		{56172B0E-15EC-4912-85C6-4071E6A17C2B}.Release|ARM64.ActiveCfg = Release|Any CPU
		{56172B0E-15EC-4912-85C6-4071E6A17C2B}.Release|ARM64.Build.0 = Release|Any CPU
		{56172B0E-15EC-4912-85C6-4071E6A17C2B}.Release|x64.ActiveCfg = Release|Any CPU
		{56172B0E-15EC-4912-85C6-4071E6A17C2B}.Release|x64.Build.0 = Release|Any CPU
		{56172B0E-15EC-4912-85C6-4071E6A17C2B}.Release|x86.ActiveCfg = Release|Any CPU
		{56172B0E-15EC-4912-85C6-4071E6A17C2B}.Release|x86.Build.0 = Release|Any CPU
		{222F7DB0-2C66-4F55-8A3B-B7241354CCF1}.Debug|Any CPU.ActiveCfg = Debug|Any CPU
		{222F7DB0-2C66-4F55-8A3B-B7241354CCF1}.Debug|Any CPU.Build.0 = Debug|Any CPU
		{222F7DB0-2C66-4F55-8A3B-B7241354CCF1}.Debug|ARM.ActiveCfg = Debug|Any CPU
		{222F7DB0-2C66-4F55-8A3B-B7241354CCF1}.Debug|ARM.Build.0 = Debug|Any CPU
		{222F7DB0-2C66-4F55-8A3B-B7241354CCF1}.Debug|ARM64.ActiveCfg = Debug|Any CPU
		{222F7DB0-2C66-4F55-8A3B-B7241354CCF1}.Debug|ARM64.Build.0 = Debug|Any CPU
		{222F7DB0-2C66-4F55-8A3B-B7241354CCF1}.Debug|x64.ActiveCfg = Debug|Any CPU
		{222F7DB0-2C66-4F55-8A3B-B7241354CCF1}.Debug|x64.Build.0 = Debug|Any CPU
		{222F7DB0-2C66-4F55-8A3B-B7241354CCF1}.Debug|x86.ActiveCfg = Debug|Any CPU
		{222F7DB0-2C66-4F55-8A3B-B7241354CCF1}.Debug|x86.Build.0 = Debug|Any CPU
		{222F7DB0-2C66-4F55-8A3B-B7241354CCF1}.Release|Any CPU.ActiveCfg = Release|Any CPU
		{222F7DB0-2C66-4F55-8A3B-B7241354CCF1}.Release|Any CPU.Build.0 = Release|Any CPU
		{222F7DB0-2C66-4F55-8A3B-B7241354CCF1}.Release|ARM.ActiveCfg = Release|Any CPU
		{222F7DB0-2C66-4F55-8A3B-B7241354CCF1}.Release|ARM.Build.0 = Release|Any CPU
		{222F7DB0-2C66-4F55-8A3B-B7241354CCF1}.Release|ARM64.ActiveCfg = Release|Any CPU
		{222F7DB0-2C66-4F55-8A3B-B7241354CCF1}.Release|ARM64.Build.0 = Release|Any CPU
		{222F7DB0-2C66-4F55-8A3B-B7241354CCF1}.Release|x64.ActiveCfg = Release|Any CPU
		{222F7DB0-2C66-4F55-8A3B-B7241354CCF1}.Release|x64.Build.0 = Release|Any CPU
		{222F7DB0-2C66-4F55-8A3B-B7241354CCF1}.Release|x86.ActiveCfg = Release|Any CPU
		{222F7DB0-2C66-4F55-8A3B-B7241354CCF1}.Release|x86.Build.0 = Release|Any CPU
		{44BB0B6C-6C9B-44EB-8C2D-563973ECE3C0}.Debug|Any CPU.ActiveCfg = Debug|Any CPU
		{44BB0B6C-6C9B-44EB-8C2D-563973ECE3C0}.Debug|Any CPU.Build.0 = Debug|Any CPU
		{44BB0B6C-6C9B-44EB-8C2D-563973ECE3C0}.Debug|ARM.ActiveCfg = Debug|Any CPU
		{44BB0B6C-6C9B-44EB-8C2D-563973ECE3C0}.Debug|ARM.Build.0 = Debug|Any CPU
		{44BB0B6C-6C9B-44EB-8C2D-563973ECE3C0}.Debug|ARM64.ActiveCfg = Debug|Any CPU
		{44BB0B6C-6C9B-44EB-8C2D-563973ECE3C0}.Debug|ARM64.Build.0 = Debug|Any CPU
		{44BB0B6C-6C9B-44EB-8C2D-563973ECE3C0}.Debug|x64.ActiveCfg = Debug|Any CPU
		{44BB0B6C-6C9B-44EB-8C2D-563973ECE3C0}.Debug|x64.Build.0 = Debug|Any CPU
		{44BB0B6C-6C9B-44EB-8C2D-563973ECE3C0}.Debug|x86.ActiveCfg = Debug|Any CPU
		{44BB0B6C-6C9B-44EB-8C2D-563973ECE3C0}.Debug|x86.Build.0 = Debug|Any CPU
		{44BB0B6C-6C9B-44EB-8C2D-563973ECE3C0}.Release|Any CPU.ActiveCfg = Release|Any CPU
		{44BB0B6C-6C9B-44EB-8C2D-563973ECE3C0}.Release|Any CPU.Build.0 = Release|Any CPU
		{44BB0B6C-6C9B-44EB-8C2D-563973ECE3C0}.Release|ARM.ActiveCfg = Release|Any CPU
		{44BB0B6C-6C9B-44EB-8C2D-563973ECE3C0}.Release|ARM.Build.0 = Release|Any CPU
		{44BB0B6C-6C9B-44EB-8C2D-563973ECE3C0}.Release|ARM64.ActiveCfg = Release|Any CPU
		{44BB0B6C-6C9B-44EB-8C2D-563973ECE3C0}.Release|ARM64.Build.0 = Release|Any CPU
		{44BB0B6C-6C9B-44EB-8C2D-563973ECE3C0}.Release|x64.ActiveCfg = Release|Any CPU
		{44BB0B6C-6C9B-44EB-8C2D-563973ECE3C0}.Release|x64.Build.0 = Release|Any CPU
		{44BB0B6C-6C9B-44EB-8C2D-563973ECE3C0}.Release|x86.ActiveCfg = Release|Any CPU
		{44BB0B6C-6C9B-44EB-8C2D-563973ECE3C0}.Release|x86.Build.0 = Release|Any CPU
		{A2DC195F-299C-47D0-90A6-B4C29D07AE45}.Debug|Any CPU.ActiveCfg = Debug|Any CPU
		{A2DC195F-299C-47D0-90A6-B4C29D07AE45}.Debug|Any CPU.Build.0 = Debug|Any CPU
		{A2DC195F-299C-47D0-90A6-B4C29D07AE45}.Debug|ARM.ActiveCfg = Debug|Any CPU
		{A2DC195F-299C-47D0-90A6-B4C29D07AE45}.Debug|ARM.Build.0 = Debug|Any CPU
		{A2DC195F-299C-47D0-90A6-B4C29D07AE45}.Debug|ARM64.ActiveCfg = Debug|Any CPU
		{A2DC195F-299C-47D0-90A6-B4C29D07AE45}.Debug|ARM64.Build.0 = Debug|Any CPU
		{A2DC195F-299C-47D0-90A6-B4C29D07AE45}.Debug|x64.ActiveCfg = Debug|Any CPU
		{A2DC195F-299C-47D0-90A6-B4C29D07AE45}.Debug|x64.Build.0 = Debug|Any CPU
		{A2DC195F-299C-47D0-90A6-B4C29D07AE45}.Debug|x86.ActiveCfg = Debug|Any CPU
		{A2DC195F-299C-47D0-90A6-B4C29D07AE45}.Debug|x86.Build.0 = Debug|Any CPU
		{A2DC195F-299C-47D0-90A6-B4C29D07AE45}.Release|Any CPU.ActiveCfg = Release|Any CPU
		{A2DC195F-299C-47D0-90A6-B4C29D07AE45}.Release|Any CPU.Build.0 = Release|Any CPU
		{A2DC195F-299C-47D0-90A6-B4C29D07AE45}.Release|ARM.ActiveCfg = Release|Any CPU
		{A2DC195F-299C-47D0-90A6-B4C29D07AE45}.Release|ARM.Build.0 = Release|Any CPU
		{A2DC195F-299C-47D0-90A6-B4C29D07AE45}.Release|ARM64.ActiveCfg = Release|Any CPU
		{A2DC195F-299C-47D0-90A6-B4C29D07AE45}.Release|ARM64.Build.0 = Release|Any CPU
		{A2DC195F-299C-47D0-90A6-B4C29D07AE45}.Release|x64.ActiveCfg = Release|Any CPU
		{A2DC195F-299C-47D0-90A6-B4C29D07AE45}.Release|x64.Build.0 = Release|Any CPU
		{A2DC195F-299C-47D0-90A6-B4C29D07AE45}.Release|x86.ActiveCfg = Release|Any CPU
		{A2DC195F-299C-47D0-90A6-B4C29D07AE45}.Release|x86.Build.0 = Release|Any CPU
		{0B1D840B-1A22-4A12-AD60-3C9561979BA2}.Debug|Any CPU.ActiveCfg = Debug|Any CPU
		{0B1D840B-1A22-4A12-AD60-3C9561979BA2}.Debug|Any CPU.Build.0 = Debug|Any CPU
		{0B1D840B-1A22-4A12-AD60-3C9561979BA2}.Debug|ARM.ActiveCfg = Debug|Any CPU
		{0B1D840B-1A22-4A12-AD60-3C9561979BA2}.Debug|ARM.Build.0 = Debug|Any CPU
		{0B1D840B-1A22-4A12-AD60-3C9561979BA2}.Debug|ARM64.ActiveCfg = Debug|Any CPU
		{0B1D840B-1A22-4A12-AD60-3C9561979BA2}.Debug|ARM64.Build.0 = Debug|Any CPU
		{0B1D840B-1A22-4A12-AD60-3C9561979BA2}.Debug|x64.ActiveCfg = Debug|Any CPU
		{0B1D840B-1A22-4A12-AD60-3C9561979BA2}.Debug|x64.Build.0 = Debug|Any CPU
		{0B1D840B-1A22-4A12-AD60-3C9561979BA2}.Debug|x86.ActiveCfg = Debug|Any CPU
		{0B1D840B-1A22-4A12-AD60-3C9561979BA2}.Debug|x86.Build.0 = Debug|Any CPU
		{0B1D840B-1A22-4A12-AD60-3C9561979BA2}.Release|Any CPU.ActiveCfg = Release|Any CPU
		{0B1D840B-1A22-4A12-AD60-3C9561979BA2}.Release|Any CPU.Build.0 = Release|Any CPU
		{0B1D840B-1A22-4A12-AD60-3C9561979BA2}.Release|ARM.ActiveCfg = Release|Any CPU
		{0B1D840B-1A22-4A12-AD60-3C9561979BA2}.Release|ARM.Build.0 = Release|Any CPU
		{0B1D840B-1A22-4A12-AD60-3C9561979BA2}.Release|ARM64.ActiveCfg = Release|Any CPU
		{0B1D840B-1A22-4A12-AD60-3C9561979BA2}.Release|ARM64.Build.0 = Release|Any CPU
		{0B1D840B-1A22-4A12-AD60-3C9561979BA2}.Release|x64.ActiveCfg = Release|Any CPU
		{0B1D840B-1A22-4A12-AD60-3C9561979BA2}.Release|x64.Build.0 = Release|Any CPU
		{0B1D840B-1A22-4A12-AD60-3C9561979BA2}.Release|x86.ActiveCfg = Release|Any CPU
		{0B1D840B-1A22-4A12-AD60-3C9561979BA2}.Release|x86.Build.0 = Release|Any CPU
		{D7FFAF69-623C-4368-BBAC-278F366AB89C}.Debug|Any CPU.ActiveCfg = Debug|Any CPU
		{D7FFAF69-623C-4368-BBAC-278F366AB89C}.Debug|Any CPU.Build.0 = Debug|Any CPU
		{D7FFAF69-623C-4368-BBAC-278F366AB89C}.Debug|ARM.ActiveCfg = Debug|Any CPU
		{D7FFAF69-623C-4368-BBAC-278F366AB89C}.Debug|ARM.Build.0 = Debug|Any CPU
		{D7FFAF69-623C-4368-BBAC-278F366AB89C}.Debug|ARM64.ActiveCfg = Debug|Any CPU
		{D7FFAF69-623C-4368-BBAC-278F366AB89C}.Debug|ARM64.Build.0 = Debug|Any CPU
		{D7FFAF69-623C-4368-BBAC-278F366AB89C}.Debug|x64.ActiveCfg = Debug|Any CPU
		{D7FFAF69-623C-4368-BBAC-278F366AB89C}.Debug|x64.Build.0 = Debug|Any CPU
		{D7FFAF69-623C-4368-BBAC-278F366AB89C}.Debug|x86.ActiveCfg = Debug|Any CPU
		{D7FFAF69-623C-4368-BBAC-278F366AB89C}.Debug|x86.Build.0 = Debug|Any CPU
		{D7FFAF69-623C-4368-BBAC-278F366AB89C}.Release|Any CPU.ActiveCfg = Release|Any CPU
		{D7FFAF69-623C-4368-BBAC-278F366AB89C}.Release|Any CPU.Build.0 = Release|Any CPU
		{D7FFAF69-623C-4368-BBAC-278F366AB89C}.Release|ARM.ActiveCfg = Release|Any CPU
		{D7FFAF69-623C-4368-BBAC-278F366AB89C}.Release|ARM.Build.0 = Release|Any CPU
		{D7FFAF69-623C-4368-BBAC-278F366AB89C}.Release|ARM64.ActiveCfg = Release|Any CPU
		{D7FFAF69-623C-4368-BBAC-278F366AB89C}.Release|ARM64.Build.0 = Release|Any CPU
		{D7FFAF69-623C-4368-BBAC-278F366AB89C}.Release|x64.ActiveCfg = Release|Any CPU
		{D7FFAF69-623C-4368-BBAC-278F366AB89C}.Release|x64.Build.0 = Release|Any CPU
		{D7FFAF69-623C-4368-BBAC-278F366AB89C}.Release|x86.ActiveCfg = Release|Any CPU
		{D7FFAF69-623C-4368-BBAC-278F366AB89C}.Release|x86.Build.0 = Release|Any CPU
		{3CDF6B14-5599-4E14-AF28-2B9CFE00620E}.Debug|Any CPU.ActiveCfg = Debug|Any CPU
		{3CDF6B14-5599-4E14-AF28-2B9CFE00620E}.Debug|Any CPU.Build.0 = Debug|Any CPU
		{3CDF6B14-5599-4E14-AF28-2B9CFE00620E}.Debug|ARM.ActiveCfg = Debug|Any CPU
		{3CDF6B14-5599-4E14-AF28-2B9CFE00620E}.Debug|ARM.Build.0 = Debug|Any CPU
		{3CDF6B14-5599-4E14-AF28-2B9CFE00620E}.Debug|ARM64.ActiveCfg = Debug|Any CPU
		{3CDF6B14-5599-4E14-AF28-2B9CFE00620E}.Debug|ARM64.Build.0 = Debug|Any CPU
		{3CDF6B14-5599-4E14-AF28-2B9CFE00620E}.Debug|x64.ActiveCfg = Debug|Any CPU
		{3CDF6B14-5599-4E14-AF28-2B9CFE00620E}.Debug|x64.Build.0 = Debug|Any CPU
		{3CDF6B14-5599-4E14-AF28-2B9CFE00620E}.Debug|x86.ActiveCfg = Debug|Any CPU
		{3CDF6B14-5599-4E14-AF28-2B9CFE00620E}.Debug|x86.Build.0 = Debug|Any CPU
		{3CDF6B14-5599-4E14-AF28-2B9CFE00620E}.Release|Any CPU.ActiveCfg = Release|Any CPU
		{3CDF6B14-5599-4E14-AF28-2B9CFE00620E}.Release|Any CPU.Build.0 = Release|Any CPU
		{3CDF6B14-5599-4E14-AF28-2B9CFE00620E}.Release|ARM.ActiveCfg = Release|Any CPU
		{3CDF6B14-5599-4E14-AF28-2B9CFE00620E}.Release|ARM.Build.0 = Release|Any CPU
		{3CDF6B14-5599-4E14-AF28-2B9CFE00620E}.Release|ARM64.ActiveCfg = Release|Any CPU
		{3CDF6B14-5599-4E14-AF28-2B9CFE00620E}.Release|ARM64.Build.0 = Release|Any CPU
		{3CDF6B14-5599-4E14-AF28-2B9CFE00620E}.Release|x64.ActiveCfg = Release|Any CPU
		{3CDF6B14-5599-4E14-AF28-2B9CFE00620E}.Release|x64.Build.0 = Release|Any CPU
		{3CDF6B14-5599-4E14-AF28-2B9CFE00620E}.Release|x86.ActiveCfg = Release|Any CPU
		{3CDF6B14-5599-4E14-AF28-2B9CFE00620E}.Release|x86.Build.0 = Release|Any CPU
		{B4440EC8-8D65-40F9-87B6-A97657187A1C}.Debug|Any CPU.ActiveCfg = Debug|Any CPU
		{B4440EC8-8D65-40F9-87B6-A97657187A1C}.Debug|Any CPU.Build.0 = Debug|Any CPU
		{B4440EC8-8D65-40F9-87B6-A97657187A1C}.Debug|ARM.ActiveCfg = Debug|Any CPU
		{B4440EC8-8D65-40F9-87B6-A97657187A1C}.Debug|ARM.Build.0 = Debug|Any CPU
		{B4440EC8-8D65-40F9-87B6-A97657187A1C}.Debug|ARM64.ActiveCfg = Debug|Any CPU
		{B4440EC8-8D65-40F9-87B6-A97657187A1C}.Debug|ARM64.Build.0 = Debug|Any CPU
		{B4440EC8-8D65-40F9-87B6-A97657187A1C}.Debug|x64.ActiveCfg = Debug|Any CPU
		{B4440EC8-8D65-40F9-87B6-A97657187A1C}.Debug|x64.Build.0 = Debug|Any CPU
		{B4440EC8-8D65-40F9-87B6-A97657187A1C}.Debug|x86.ActiveCfg = Debug|Any CPU
		{B4440EC8-8D65-40F9-87B6-A97657187A1C}.Debug|x86.Build.0 = Debug|Any CPU
		{B4440EC8-8D65-40F9-87B6-A97657187A1C}.Release|Any CPU.ActiveCfg = Release|Any CPU
		{B4440EC8-8D65-40F9-87B6-A97657187A1C}.Release|Any CPU.Build.0 = Release|Any CPU
		{B4440EC8-8D65-40F9-87B6-A97657187A1C}.Release|ARM.ActiveCfg = Release|Any CPU
		{B4440EC8-8D65-40F9-87B6-A97657187A1C}.Release|ARM.Build.0 = Release|Any CPU
		{B4440EC8-8D65-40F9-87B6-A97657187A1C}.Release|ARM64.ActiveCfg = Release|Any CPU
		{B4440EC8-8D65-40F9-87B6-A97657187A1C}.Release|ARM64.Build.0 = Release|Any CPU
		{B4440EC8-8D65-40F9-87B6-A97657187A1C}.Release|x64.ActiveCfg = Release|Any CPU
		{B4440EC8-8D65-40F9-87B6-A97657187A1C}.Release|x64.Build.0 = Release|Any CPU
		{B4440EC8-8D65-40F9-87B6-A97657187A1C}.Release|x86.ActiveCfg = Release|Any CPU
		{B4440EC8-8D65-40F9-87B6-A97657187A1C}.Release|x86.Build.0 = Release|Any CPU
		{D34E20EF-D8D9-42B4-9749-95C794FB83AD}.Debug|Any CPU.ActiveCfg = Debug|Any CPU
		{D34E20EF-D8D9-42B4-9749-95C794FB83AD}.Debug|Any CPU.Build.0 = Debug|Any CPU
		{D34E20EF-D8D9-42B4-9749-95C794FB83AD}.Debug|ARM.ActiveCfg = Debug|Any CPU
		{D34E20EF-D8D9-42B4-9749-95C794FB83AD}.Debug|ARM.Build.0 = Debug|Any CPU
		{D34E20EF-D8D9-42B4-9749-95C794FB83AD}.Debug|ARM64.ActiveCfg = Debug|Any CPU
		{D34E20EF-D8D9-42B4-9749-95C794FB83AD}.Debug|ARM64.Build.0 = Debug|Any CPU
		{D34E20EF-D8D9-42B4-9749-95C794FB83AD}.Debug|x64.ActiveCfg = Debug|Any CPU
		{D34E20EF-D8D9-42B4-9749-95C794FB83AD}.Debug|x64.Build.0 = Debug|Any CPU
		{D34E20EF-D8D9-42B4-9749-95C794FB83AD}.Debug|x86.ActiveCfg = Debug|Any CPU
		{D34E20EF-D8D9-42B4-9749-95C794FB83AD}.Debug|x86.Build.0 = Debug|Any CPU
		{D34E20EF-D8D9-42B4-9749-95C794FB83AD}.Release|Any CPU.ActiveCfg = Release|Any CPU
		{D34E20EF-D8D9-42B4-9749-95C794FB83AD}.Release|Any CPU.Build.0 = Release|Any CPU
		{D34E20EF-D8D9-42B4-9749-95C794FB83AD}.Release|ARM.ActiveCfg = Release|Any CPU
		{D34E20EF-D8D9-42B4-9749-95C794FB83AD}.Release|ARM.Build.0 = Release|Any CPU
		{D34E20EF-D8D9-42B4-9749-95C794FB83AD}.Release|ARM64.ActiveCfg = Release|Any CPU
		{D34E20EF-D8D9-42B4-9749-95C794FB83AD}.Release|ARM64.Build.0 = Release|Any CPU
		{D34E20EF-D8D9-42B4-9749-95C794FB83AD}.Release|x64.ActiveCfg = Release|Any CPU
		{D34E20EF-D8D9-42B4-9749-95C794FB83AD}.Release|x64.Build.0 = Release|Any CPU
		{D34E20EF-D8D9-42B4-9749-95C794FB83AD}.Release|x86.ActiveCfg = Release|Any CPU
		{D34E20EF-D8D9-42B4-9749-95C794FB83AD}.Release|x86.Build.0 = Release|Any CPU
		{CB95527D-5D1B-4A43-9A7E-6B56685271F1}.Debug|Any CPU.ActiveCfg = Debug|Any CPU
		{CB95527D-5D1B-4A43-9A7E-6B56685271F1}.Debug|Any CPU.Build.0 = Debug|Any CPU
		{CB95527D-5D1B-4A43-9A7E-6B56685271F1}.Debug|ARM.ActiveCfg = Debug|Any CPU
		{CB95527D-5D1B-4A43-9A7E-6B56685271F1}.Debug|ARM.Build.0 = Debug|Any CPU
		{CB95527D-5D1B-4A43-9A7E-6B56685271F1}.Debug|ARM64.ActiveCfg = Debug|Any CPU
		{CB95527D-5D1B-4A43-9A7E-6B56685271F1}.Debug|ARM64.Build.0 = Debug|Any CPU
		{CB95527D-5D1B-4A43-9A7E-6B56685271F1}.Debug|x64.ActiveCfg = Debug|Any CPU
		{CB95527D-5D1B-4A43-9A7E-6B56685271F1}.Debug|x64.Build.0 = Debug|Any CPU
		{CB95527D-5D1B-4A43-9A7E-6B56685271F1}.Debug|x86.ActiveCfg = Debug|Any CPU
		{CB95527D-5D1B-4A43-9A7E-6B56685271F1}.Debug|x86.Build.0 = Debug|Any CPU
		{CB95527D-5D1B-4A43-9A7E-6B56685271F1}.Release|Any CPU.ActiveCfg = Release|Any CPU
		{CB95527D-5D1B-4A43-9A7E-6B56685271F1}.Release|Any CPU.Build.0 = Release|Any CPU
		{CB95527D-5D1B-4A43-9A7E-6B56685271F1}.Release|ARM.ActiveCfg = Release|Any CPU
		{CB95527D-5D1B-4A43-9A7E-6B56685271F1}.Release|ARM.Build.0 = Release|Any CPU
		{CB95527D-5D1B-4A43-9A7E-6B56685271F1}.Release|ARM64.ActiveCfg = Release|Any CPU
		{CB95527D-5D1B-4A43-9A7E-6B56685271F1}.Release|ARM64.Build.0 = Release|Any CPU
		{CB95527D-5D1B-4A43-9A7E-6B56685271F1}.Release|x64.ActiveCfg = Release|Any CPU
		{CB95527D-5D1B-4A43-9A7E-6B56685271F1}.Release|x64.Build.0 = Release|Any CPU
		{CB95527D-5D1B-4A43-9A7E-6B56685271F1}.Release|x86.ActiveCfg = Release|Any CPU
		{CB95527D-5D1B-4A43-9A7E-6B56685271F1}.Release|x86.Build.0 = Release|Any CPU
		{186778C4-75D8-4288-BBD0-97351B75B3C0}.Debug|Any CPU.ActiveCfg = Debug|Any CPU
		{186778C4-75D8-4288-BBD0-97351B75B3C0}.Debug|Any CPU.Build.0 = Debug|Any CPU
		{186778C4-75D8-4288-BBD0-97351B75B3C0}.Debug|ARM.ActiveCfg = Debug|Any CPU
		{186778C4-75D8-4288-BBD0-97351B75B3C0}.Debug|ARM.Build.0 = Debug|Any CPU
		{186778C4-75D8-4288-BBD0-97351B75B3C0}.Debug|ARM64.ActiveCfg = Debug|Any CPU
		{186778C4-75D8-4288-BBD0-97351B75B3C0}.Debug|ARM64.Build.0 = Debug|Any CPU
		{186778C4-75D8-4288-BBD0-97351B75B3C0}.Debug|x64.ActiveCfg = Debug|Any CPU
		{186778C4-75D8-4288-BBD0-97351B75B3C0}.Debug|x64.Build.0 = Debug|Any CPU
		{186778C4-75D8-4288-BBD0-97351B75B3C0}.Debug|x86.ActiveCfg = Debug|Any CPU
		{186778C4-75D8-4288-BBD0-97351B75B3C0}.Debug|x86.Build.0 = Debug|Any CPU
		{186778C4-75D8-4288-BBD0-97351B75B3C0}.Release|Any CPU.ActiveCfg = Release|Any CPU
		{186778C4-75D8-4288-BBD0-97351B75B3C0}.Release|Any CPU.Build.0 = Release|Any CPU
		{186778C4-75D8-4288-BBD0-97351B75B3C0}.Release|ARM.ActiveCfg = Release|Any CPU
		{186778C4-75D8-4288-BBD0-97351B75B3C0}.Release|ARM.Build.0 = Release|Any CPU
		{186778C4-75D8-4288-BBD0-97351B75B3C0}.Release|ARM64.ActiveCfg = Release|Any CPU
		{186778C4-75D8-4288-BBD0-97351B75B3C0}.Release|ARM64.Build.0 = Release|Any CPU
		{186778C4-75D8-4288-BBD0-97351B75B3C0}.Release|x64.ActiveCfg = Release|Any CPU
		{186778C4-75D8-4288-BBD0-97351B75B3C0}.Release|x64.Build.0 = Release|Any CPU
		{186778C4-75D8-4288-BBD0-97351B75B3C0}.Release|x86.ActiveCfg = Release|Any CPU
		{186778C4-75D8-4288-BBD0-97351B75B3C0}.Release|x86.Build.0 = Release|Any CPU
		{DE5F2756-0C6E-4961-88C3-26A766F6A7DB}.Debug|Any CPU.ActiveCfg = Debug|Any CPU
		{DE5F2756-0C6E-4961-88C3-26A766F6A7DB}.Debug|Any CPU.Build.0 = Debug|Any CPU
		{DE5F2756-0C6E-4961-88C3-26A766F6A7DB}.Debug|ARM.ActiveCfg = Debug|Any CPU
		{DE5F2756-0C6E-4961-88C3-26A766F6A7DB}.Debug|ARM.Build.0 = Debug|Any CPU
		{DE5F2756-0C6E-4961-88C3-26A766F6A7DB}.Debug|ARM64.ActiveCfg = Debug|Any CPU
		{DE5F2756-0C6E-4961-88C3-26A766F6A7DB}.Debug|ARM64.Build.0 = Debug|Any CPU
		{DE5F2756-0C6E-4961-88C3-26A766F6A7DB}.Debug|x64.ActiveCfg = Debug|Any CPU
		{DE5F2756-0C6E-4961-88C3-26A766F6A7DB}.Debug|x64.Build.0 = Debug|Any CPU
		{DE5F2756-0C6E-4961-88C3-26A766F6A7DB}.Debug|x86.ActiveCfg = Debug|Any CPU
		{DE5F2756-0C6E-4961-88C3-26A766F6A7DB}.Debug|x86.Build.0 = Debug|Any CPU
		{DE5F2756-0C6E-4961-88C3-26A766F6A7DB}.Release|Any CPU.ActiveCfg = Release|Any CPU
		{DE5F2756-0C6E-4961-88C3-26A766F6A7DB}.Release|Any CPU.Build.0 = Release|Any CPU
		{DE5F2756-0C6E-4961-88C3-26A766F6A7DB}.Release|ARM.ActiveCfg = Release|Any CPU
		{DE5F2756-0C6E-4961-88C3-26A766F6A7DB}.Release|ARM.Build.0 = Release|Any CPU
		{DE5F2756-0C6E-4961-88C3-26A766F6A7DB}.Release|ARM64.ActiveCfg = Release|Any CPU
		{DE5F2756-0C6E-4961-88C3-26A766F6A7DB}.Release|ARM64.Build.0 = Release|Any CPU
		{DE5F2756-0C6E-4961-88C3-26A766F6A7DB}.Release|x64.ActiveCfg = Release|Any CPU
		{DE5F2756-0C6E-4961-88C3-26A766F6A7DB}.Release|x64.Build.0 = Release|Any CPU
		{DE5F2756-0C6E-4961-88C3-26A766F6A7DB}.Release|x86.ActiveCfg = Release|Any CPU
		{DE5F2756-0C6E-4961-88C3-26A766F6A7DB}.Release|x86.Build.0 = Release|Any CPU
		{84D67E8E-862D-4ED4-8FB4-EE1E884F298C}.Debug|Any CPU.ActiveCfg = Debug|Any CPU
		{84D67E8E-862D-4ED4-8FB4-EE1E884F298C}.Debug|Any CPU.Build.0 = Debug|Any CPU
		{84D67E8E-862D-4ED4-8FB4-EE1E884F298C}.Debug|ARM.ActiveCfg = Debug|Any CPU
		{84D67E8E-862D-4ED4-8FB4-EE1E884F298C}.Debug|ARM.Build.0 = Debug|Any CPU
		{84D67E8E-862D-4ED4-8FB4-EE1E884F298C}.Debug|ARM64.ActiveCfg = Debug|Any CPU
		{84D67E8E-862D-4ED4-8FB4-EE1E884F298C}.Debug|ARM64.Build.0 = Debug|Any CPU
		{84D67E8E-862D-4ED4-8FB4-EE1E884F298C}.Debug|x64.ActiveCfg = Debug|Any CPU
		{84D67E8E-862D-4ED4-8FB4-EE1E884F298C}.Debug|x64.Build.0 = Debug|Any CPU
		{84D67E8E-862D-4ED4-8FB4-EE1E884F298C}.Debug|x86.ActiveCfg = Debug|Any CPU
		{84D67E8E-862D-4ED4-8FB4-EE1E884F298C}.Debug|x86.Build.0 = Debug|Any CPU
		{84D67E8E-862D-4ED4-8FB4-EE1E884F298C}.Release|Any CPU.ActiveCfg = Release|Any CPU
		{84D67E8E-862D-4ED4-8FB4-EE1E884F298C}.Release|Any CPU.Build.0 = Release|Any CPU
		{84D67E8E-862D-4ED4-8FB4-EE1E884F298C}.Release|ARM.ActiveCfg = Release|Any CPU
		{84D67E8E-862D-4ED4-8FB4-EE1E884F298C}.Release|ARM.Build.0 = Release|Any CPU
		{84D67E8E-862D-4ED4-8FB4-EE1E884F298C}.Release|ARM64.ActiveCfg = Release|Any CPU
		{84D67E8E-862D-4ED4-8FB4-EE1E884F298C}.Release|ARM64.Build.0 = Release|Any CPU
		{84D67E8E-862D-4ED4-8FB4-EE1E884F298C}.Release|x64.ActiveCfg = Release|Any CPU
		{84D67E8E-862D-4ED4-8FB4-EE1E884F298C}.Release|x64.Build.0 = Release|Any CPU
		{84D67E8E-862D-4ED4-8FB4-EE1E884F298C}.Release|x86.ActiveCfg = Release|Any CPU
		{84D67E8E-862D-4ED4-8FB4-EE1E884F298C}.Release|x86.Build.0 = Release|Any CPU
		{3C0080F9-4C92-4BDE-9464-204331127393}.Debug|Any CPU.ActiveCfg = Debug|x86
		{3C0080F9-4C92-4BDE-9464-204331127393}.Debug|ARM.ActiveCfg = Debug|ARM
		{3C0080F9-4C92-4BDE-9464-204331127393}.Debug|ARM.Build.0 = Debug|ARM
		{3C0080F9-4C92-4BDE-9464-204331127393}.Debug|ARM.Deploy.0 = Debug|ARM
		{3C0080F9-4C92-4BDE-9464-204331127393}.Debug|ARM64.ActiveCfg = Debug|ARM64
		{3C0080F9-4C92-4BDE-9464-204331127393}.Debug|ARM64.Build.0 = Debug|ARM64
		{3C0080F9-4C92-4BDE-9464-204331127393}.Debug|ARM64.Deploy.0 = Debug|ARM64
		{3C0080F9-4C92-4BDE-9464-204331127393}.Debug|x64.ActiveCfg = Debug|x64
		{3C0080F9-4C92-4BDE-9464-204331127393}.Debug|x64.Build.0 = Debug|x64
		{3C0080F9-4C92-4BDE-9464-204331127393}.Debug|x64.Deploy.0 = Debug|x64
		{3C0080F9-4C92-4BDE-9464-204331127393}.Debug|x86.ActiveCfg = Debug|x86
		{3C0080F9-4C92-4BDE-9464-204331127393}.Debug|x86.Build.0 = Debug|x86
		{3C0080F9-4C92-4BDE-9464-204331127393}.Debug|x86.Deploy.0 = Debug|x86
		{3C0080F9-4C92-4BDE-9464-204331127393}.Release|Any CPU.ActiveCfg = Release|x86
		{3C0080F9-4C92-4BDE-9464-204331127393}.Release|ARM.ActiveCfg = Release|ARM
		{3C0080F9-4C92-4BDE-9464-204331127393}.Release|ARM.Build.0 = Release|ARM
		{3C0080F9-4C92-4BDE-9464-204331127393}.Release|ARM.Deploy.0 = Release|ARM
		{3C0080F9-4C92-4BDE-9464-204331127393}.Release|ARM64.ActiveCfg = Release|ARM64
		{3C0080F9-4C92-4BDE-9464-204331127393}.Release|ARM64.Build.0 = Release|ARM64
		{3C0080F9-4C92-4BDE-9464-204331127393}.Release|ARM64.Deploy.0 = Release|ARM64
		{3C0080F9-4C92-4BDE-9464-204331127393}.Release|x64.ActiveCfg = Release|x64
		{3C0080F9-4C92-4BDE-9464-204331127393}.Release|x64.Build.0 = Release|x64
		{3C0080F9-4C92-4BDE-9464-204331127393}.Release|x64.Deploy.0 = Release|x64
		{3C0080F9-4C92-4BDE-9464-204331127393}.Release|x86.ActiveCfg = Release|x86
		{3C0080F9-4C92-4BDE-9464-204331127393}.Release|x86.Build.0 = Release|x86
		{3C0080F9-4C92-4BDE-9464-204331127393}.Release|x86.Deploy.0 = Release|x86
		{49A3DA00-F514-482F-A601-731BD238EC5A}.Debug|Any CPU.ActiveCfg = Debug|Any CPU
		{49A3DA00-F514-482F-A601-731BD238EC5A}.Debug|Any CPU.Build.0 = Debug|Any CPU
		{49A3DA00-F514-482F-A601-731BD238EC5A}.Debug|ARM.ActiveCfg = Debug|Any CPU
		{49A3DA00-F514-482F-A601-731BD238EC5A}.Debug|ARM.Build.0 = Debug|Any CPU
		{49A3DA00-F514-482F-A601-731BD238EC5A}.Debug|ARM64.ActiveCfg = Debug|Any CPU
		{49A3DA00-F514-482F-A601-731BD238EC5A}.Debug|ARM64.Build.0 = Debug|Any CPU
		{49A3DA00-F514-482F-A601-731BD238EC5A}.Debug|x64.ActiveCfg = Debug|Any CPU
		{49A3DA00-F514-482F-A601-731BD238EC5A}.Debug|x64.Build.0 = Debug|Any CPU
		{49A3DA00-F514-482F-A601-731BD238EC5A}.Debug|x86.ActiveCfg = Debug|Any CPU
		{49A3DA00-F514-482F-A601-731BD238EC5A}.Debug|x86.Build.0 = Debug|Any CPU
		{49A3DA00-F514-482F-A601-731BD238EC5A}.Release|Any CPU.ActiveCfg = Release|Any CPU
		{49A3DA00-F514-482F-A601-731BD238EC5A}.Release|Any CPU.Build.0 = Release|Any CPU
		{49A3DA00-F514-482F-A601-731BD238EC5A}.Release|ARM.ActiveCfg = Release|Any CPU
		{49A3DA00-F514-482F-A601-731BD238EC5A}.Release|ARM.Build.0 = Release|Any CPU
		{49A3DA00-F514-482F-A601-731BD238EC5A}.Release|ARM64.ActiveCfg = Release|Any CPU
		{49A3DA00-F514-482F-A601-731BD238EC5A}.Release|ARM64.Build.0 = Release|Any CPU
		{49A3DA00-F514-482F-A601-731BD238EC5A}.Release|x64.ActiveCfg = Release|Any CPU
		{49A3DA00-F514-482F-A601-731BD238EC5A}.Release|x64.Build.0 = Release|Any CPU
		{49A3DA00-F514-482F-A601-731BD238EC5A}.Release|x86.ActiveCfg = Release|Any CPU
		{49A3DA00-F514-482F-A601-731BD238EC5A}.Release|x86.Build.0 = Release|Any CPU
		{5AA3D5D3-6C64-4459-BB7F-EF627F7580CA}.Debug|Any CPU.ActiveCfg = Debug|Any CPU
		{5AA3D5D3-6C64-4459-BB7F-EF627F7580CA}.Debug|Any CPU.Build.0 = Debug|Any CPU
		{5AA3D5D3-6C64-4459-BB7F-EF627F7580CA}.Debug|ARM.ActiveCfg = Debug|Any CPU
		{5AA3D5D3-6C64-4459-BB7F-EF627F7580CA}.Debug|ARM.Build.0 = Debug|Any CPU
		{5AA3D5D3-6C64-4459-BB7F-EF627F7580CA}.Debug|ARM64.ActiveCfg = Debug|Any CPU
		{5AA3D5D3-6C64-4459-BB7F-EF627F7580CA}.Debug|ARM64.Build.0 = Debug|Any CPU
		{5AA3D5D3-6C64-4459-BB7F-EF627F7580CA}.Debug|x64.ActiveCfg = Debug|Any CPU
		{5AA3D5D3-6C64-4459-BB7F-EF627F7580CA}.Debug|x64.Build.0 = Debug|Any CPU
		{5AA3D5D3-6C64-4459-BB7F-EF627F7580CA}.Debug|x86.ActiveCfg = Debug|Any CPU
		{5AA3D5D3-6C64-4459-BB7F-EF627F7580CA}.Debug|x86.Build.0 = Debug|Any CPU
		{5AA3D5D3-6C64-4459-BB7F-EF627F7580CA}.Release|Any CPU.ActiveCfg = Release|Any CPU
		{5AA3D5D3-6C64-4459-BB7F-EF627F7580CA}.Release|Any CPU.Build.0 = Release|Any CPU
		{5AA3D5D3-6C64-4459-BB7F-EF627F7580CA}.Release|ARM.ActiveCfg = Release|Any CPU
		{5AA3D5D3-6C64-4459-BB7F-EF627F7580CA}.Release|ARM.Build.0 = Release|Any CPU
		{5AA3D5D3-6C64-4459-BB7F-EF627F7580CA}.Release|ARM64.ActiveCfg = Release|Any CPU
		{5AA3D5D3-6C64-4459-BB7F-EF627F7580CA}.Release|ARM64.Build.0 = Release|Any CPU
		{5AA3D5D3-6C64-4459-BB7F-EF627F7580CA}.Release|x64.ActiveCfg = Release|Any CPU
		{5AA3D5D3-6C64-4459-BB7F-EF627F7580CA}.Release|x64.Build.0 = Release|Any CPU
		{5AA3D5D3-6C64-4459-BB7F-EF627F7580CA}.Release|x86.ActiveCfg = Release|Any CPU
		{5AA3D5D3-6C64-4459-BB7F-EF627F7580CA}.Release|x86.Build.0 = Release|Any CPU
		{451890FF-1748-47E7-8916-4E7B7D333741}.Debug|Any CPU.ActiveCfg = Debug|Any CPU
		{451890FF-1748-47E7-8916-4E7B7D333741}.Debug|Any CPU.Build.0 = Debug|Any CPU
		{451890FF-1748-47E7-8916-4E7B7D333741}.Debug|ARM.ActiveCfg = Debug|Any CPU
		{451890FF-1748-47E7-8916-4E7B7D333741}.Debug|ARM.Build.0 = Debug|Any CPU
		{451890FF-1748-47E7-8916-4E7B7D333741}.Debug|ARM64.ActiveCfg = Debug|Any CPU
		{451890FF-1748-47E7-8916-4E7B7D333741}.Debug|ARM64.Build.0 = Debug|Any CPU
		{451890FF-1748-47E7-8916-4E7B7D333741}.Debug|x64.ActiveCfg = Debug|Any CPU
		{451890FF-1748-47E7-8916-4E7B7D333741}.Debug|x64.Build.0 = Debug|Any CPU
		{451890FF-1748-47E7-8916-4E7B7D333741}.Debug|x86.ActiveCfg = Debug|Any CPU
		{451890FF-1748-47E7-8916-4E7B7D333741}.Debug|x86.Build.0 = Debug|Any CPU
		{451890FF-1748-47E7-8916-4E7B7D333741}.Release|Any CPU.ActiveCfg = Release|Any CPU
		{451890FF-1748-47E7-8916-4E7B7D333741}.Release|Any CPU.Build.0 = Release|Any CPU
		{451890FF-1748-47E7-8916-4E7B7D333741}.Release|ARM.ActiveCfg = Release|Any CPU
		{451890FF-1748-47E7-8916-4E7B7D333741}.Release|ARM.Build.0 = Release|Any CPU
		{451890FF-1748-47E7-8916-4E7B7D333741}.Release|ARM64.ActiveCfg = Release|Any CPU
		{451890FF-1748-47E7-8916-4E7B7D333741}.Release|ARM64.Build.0 = Release|Any CPU
		{451890FF-1748-47E7-8916-4E7B7D333741}.Release|x64.ActiveCfg = Release|Any CPU
		{451890FF-1748-47E7-8916-4E7B7D333741}.Release|x64.Build.0 = Release|Any CPU
		{451890FF-1748-47E7-8916-4E7B7D333741}.Release|x86.ActiveCfg = Release|Any CPU
		{451890FF-1748-47E7-8916-4E7B7D333741}.Release|x86.Build.0 = Release|Any CPU
		{778F3729-5397-4D46-A73D-5353C2072815}.Debug|Any CPU.ActiveCfg = Debug|Any CPU
		{778F3729-5397-4D46-A73D-5353C2072815}.Debug|Any CPU.Build.0 = Debug|Any CPU
		{778F3729-5397-4D46-A73D-5353C2072815}.Debug|ARM.ActiveCfg = Debug|Any CPU
		{778F3729-5397-4D46-A73D-5353C2072815}.Debug|ARM.Build.0 = Debug|Any CPU
		{778F3729-5397-4D46-A73D-5353C2072815}.Debug|ARM64.ActiveCfg = Debug|Any CPU
		{778F3729-5397-4D46-A73D-5353C2072815}.Debug|ARM64.Build.0 = Debug|Any CPU
		{778F3729-5397-4D46-A73D-5353C2072815}.Debug|x64.ActiveCfg = Debug|Any CPU
		{778F3729-5397-4D46-A73D-5353C2072815}.Debug|x64.Build.0 = Debug|Any CPU
		{778F3729-5397-4D46-A73D-5353C2072815}.Debug|x86.ActiveCfg = Debug|Any CPU
		{778F3729-5397-4D46-A73D-5353C2072815}.Debug|x86.Build.0 = Debug|Any CPU
		{778F3729-5397-4D46-A73D-5353C2072815}.Release|Any CPU.ActiveCfg = Release|Any CPU
		{778F3729-5397-4D46-A73D-5353C2072815}.Release|Any CPU.Build.0 = Release|Any CPU
		{778F3729-5397-4D46-A73D-5353C2072815}.Release|ARM.ActiveCfg = Release|Any CPU
		{778F3729-5397-4D46-A73D-5353C2072815}.Release|ARM.Build.0 = Release|Any CPU
		{778F3729-5397-4D46-A73D-5353C2072815}.Release|ARM64.ActiveCfg = Release|Any CPU
		{778F3729-5397-4D46-A73D-5353C2072815}.Release|ARM64.Build.0 = Release|Any CPU
		{778F3729-5397-4D46-A73D-5353C2072815}.Release|x64.ActiveCfg = Release|Any CPU
		{778F3729-5397-4D46-A73D-5353C2072815}.Release|x64.Build.0 = Release|Any CPU
		{778F3729-5397-4D46-A73D-5353C2072815}.Release|x86.ActiveCfg = Release|Any CPU
		{778F3729-5397-4D46-A73D-5353C2072815}.Release|x86.Build.0 = Release|Any CPU
	EndGlobalSection
	GlobalSection(SolutionProperties) = preSolution
		HideSolutionNode = FALSE
	EndGlobalSection
	GlobalSection(ExtensibilityGlobals) = postSolution
		SolutionGuid = {9D591653-A2A2-4BC1-A0FA-429915D72D3D}
	EndGlobalSection
EndGlobal
